<?xml version="1.0" encoding="utf-8"?>
<Project ToolsVersion="4.0" xmlns="http://schemas.microsoft.com/developer/msbuild/2003">
  <ItemGroup>
    <ClCompile Include="..\Source\main.cpp" />
    <ClCompile Include="..\Source\shader.cpp" />
    <ClCompile Include="..\Source\sphere.cpp" />
    <ClCompile Include="Track.cpp" />
  </ItemGroup>
  <ItemGroup>
    <ClInclude Include="..\Source\shader.h" />
    <ClInclude Include="..\Source\sphere.h" />
    <ClInclude Include="Track.h" />
  </ItemGroup>
  <ItemGroup>
    <Filter Include="Shaders">
      <UniqueIdentifier>{c5c2a4c9-1145-4e02-998c-072f58b68650}</UniqueIdentifier>
    </Filter>
  </ItemGroup>
  <ItemGroup>
    <None Include="..\Source\Shaders\Gouraud.fragmentshader" />
    <None Include="..\Source\Shaders\Gouraud.vertexshader" />
    <None Include="..\Source\Shaders\Phong.fragmentshader" />
    <None Include="..\Source\Shaders\Phong.vertexshader" />
  </ItemGroup>
</Project>